
Microsoft Visual Studio Solution File, Format Version 12.00
# Visual Studio 15
VisualStudioVersion = 15.0.28307.489
MinimumVisualStudioVersion = 10.0.40219.1
Project("{FAE04EC0-301F-11D3-BF4B-00C04F79EFBC}") = "WPF场景仿真推演系统", "WPF场景仿真推演系统\WPF场景仿真推演系统.csproj", "{96D499D8-8277-4515-8922-5935E445091F}"
EndProject
Global
	GlobalSection(SolutionConfigurationPlatforms) = preSolution
		Debug|Any CPU = Debug|Any CPU
		Release|Any CPU = Release|Any CPU
	EndGlobalSection
	GlobalSection(ProjectConfigurationPlatforms) = postSolution
		{96D499D8-8277-4515-8922-5935E445091F}.Debug|Any CPU.ActiveCfg = Debug|Any CPU
		{96D499D8-8277-4515-8922-5935E445091F}.Debug|Any CPU.Build.0 = Debug|Any CPU
		{96D499D8-8277-4515-8922-5935E445091F}.Release|Any CPU.ActiveCfg = Release|Any CPU
		{96D499D8-8277-4515-8922-5935E445091F}.Release|Any CPU.Build.0 = Release|Any CPU
	EndGlobalSection
	GlobalSection(SolutionProperties) = preSolution
		HideSolutionNode = FALSE
	EndGlobalSection
	GlobalSection(ExtensibilityGlobals) = postSolution
		SolutionGuid = {552E22B9-3ED7-4510-95F1-5A3A4A22AE75}
	EndGlobalSection
EndGlobal
